
Microsoft Visual Studio Solution File, Format Version 12.00
# Visual Studio 15
VisualStudioVersion = 15.0.28307.168
MinimumVisualStudioVersion = 10.0.40219.1
Project("{FAE04EC0-301F-11D3-BF4B-00C04F79EFBC}") = "Day4", "Day4\Day4.csproj", "{9327275C-DF8C-4D8C-B348-22F70518A5C8}"
EndProject
Global
	GlobalSection(SolutionConfigurationPlatforms) = preSolution
		Debug|Any CPU = Debug|Any CPU
		Release|Any CPU = Release|Any CPU
	EndGlobalSection
	GlobalSection(ProjectConfigurationPlatforms) = postSolution
		{9327275C-DF8C-4D8C-B348-22F70518A5C8}.Debug|Any CPU.ActiveCfg = Debug|Any CPU
		{9327275C-DF8C-4D8C-B348-22F70518A5C8}.Debug|Any CPU.Build.0 = Debug|Any CPU
		{9327275C-DF8C-4D8C-B348-22F70518A5C8}.Release|Any CPU.ActiveCfg = Release|Any CPU
		{9327275C-DF8C-4D8C-B348-22F70518A5C8}.Release|Any CPU.Build.0 = Release|Any CPU
	EndGlobalSection
	GlobalSection(SolutionProperties) = preSolution
		HideSolutionNode = FALSE
	EndGlobalSection
	GlobalSection(ExtensibilityGlobals) = postSolution
		SolutionGuid = {C491EE2A-809A-4994-AE13-A931165CC901}
	EndGlobalSection
EndGlobal
