
Microsoft Visual Studio Solution File, Format Version 12.00
# Visual Studio 15
VisualStudioVersion = 15.0.28307.168
MinimumVisualStudioVersion = 10.0.40219.1
Project("{FAE04EC0-301F-11D3-BF4B-00C04F79EFBC}") = "Day 23", "Day 23\Day 23.csproj", "{5832135D-7EB6-4BBF-9540-4C207877C78E}"
EndProject
Global
	GlobalSection(SolutionConfigurationPlatforms) = preSolution
		Debug|Any CPU = Debug|Any CPU
		Release|Any CPU = Release|Any CPU
	EndGlobalSection
	GlobalSection(ProjectConfigurationPlatforms) = postSolution
		{5832135D-7EB6-4BBF-9540-4C207877C78E}.Debug|Any CPU.ActiveCfg = Debug|Any CPU
		{5832135D-7EB6-4BBF-9540-4C207877C78E}.Debug|Any CPU.Build.0 = Debug|Any CPU
		{5832135D-7EB6-4BBF-9540-4C207877C78E}.Release|Any CPU.ActiveCfg = Release|Any CPU
		{5832135D-7EB6-4BBF-9540-4C207877C78E}.Release|Any CPU.Build.0 = Release|Any CPU
	EndGlobalSection
	GlobalSection(SolutionProperties) = preSolution
		HideSolutionNode = FALSE
	EndGlobalSection
	GlobalSection(ExtensibilityGlobals) = postSolution
		SolutionGuid = {4BFF0A0F-27D2-4AB9-937D-B78464E04CE5}
	EndGlobalSection
EndGlobal
