
Microsoft Visual Studio Solution File, Format Version 12.00
# Visual Studio 15
VisualStudioVersion = 15.0.28307.168
MinimumVisualStudioVersion = 10.0.40219.1
Project("{FAE04EC0-301F-11D3-BF4B-00C04F79EFBC}") = "Day5", "Day5\Day5.csproj", "{75472DCC-5136-4B6E-8172-F8AFB23A1E32}"
EndProject
Global
	GlobalSection(SolutionConfigurationPlatforms) = preSolution
		Debug|Any CPU = Debug|Any CPU
		Release|Any CPU = Release|Any CPU
	EndGlobalSection
	GlobalSection(ProjectConfigurationPlatforms) = postSolution
		{75472DCC-5136-4B6E-8172-F8AFB23A1E32}.Debug|Any CPU.ActiveCfg = Debug|Any CPU
		{75472DCC-5136-4B6E-8172-F8AFB23A1E32}.Debug|Any CPU.Build.0 = Debug|Any CPU
		{75472DCC-5136-4B6E-8172-F8AFB23A1E32}.Release|Any CPU.ActiveCfg = Release|Any CPU
		{75472DCC-5136-4B6E-8172-F8AFB23A1E32}.Release|Any CPU.Build.0 = Release|Any CPU
	EndGlobalSection
	GlobalSection(SolutionProperties) = preSolution
		HideSolutionNode = FALSE
	EndGlobalSection
	GlobalSection(ExtensibilityGlobals) = postSolution
		SolutionGuid = {0342F53A-7DF4-432B-B23B-8B80B678CC32}
	EndGlobalSection
EndGlobal
