
Microsoft Visual Studio Solution File, Format Version 12.00
# Visual Studio 15
VisualStudioVersion = 15.0.28307.168
MinimumVisualStudioVersion = 10.0.40219.1
Project("{FAE04EC0-301F-11D3-BF4B-00C04F79EFBC}") = "DictionariesAndMaps", "DictionariesAndMaps\DictionariesAndMaps.csproj", "{3724B11A-3FCD-4627-9742-5D6DF63CC065}"
EndProject
Global
	GlobalSection(SolutionConfigurationPlatforms) = preSolution
		Debug|Any CPU = Debug|Any CPU
		Release|Any CPU = Release|Any CPU
	EndGlobalSection
	GlobalSection(ProjectConfigurationPlatforms) = postSolution
		{3724B11A-3FCD-4627-9742-5D6DF63CC065}.Debug|Any CPU.ActiveCfg = Debug|Any CPU
		{3724B11A-3FCD-4627-9742-5D6DF63CC065}.Debug|Any CPU.Build.0 = Debug|Any CPU
		{3724B11A-3FCD-4627-9742-5D6DF63CC065}.Release|Any CPU.ActiveCfg = Release|Any CPU
		{3724B11A-3FCD-4627-9742-5D6DF63CC065}.Release|Any CPU.Build.0 = Release|Any CPU
	EndGlobalSection
	GlobalSection(SolutionProperties) = preSolution
		HideSolutionNode = FALSE
	EndGlobalSection
	GlobalSection(ExtensibilityGlobals) = postSolution
		SolutionGuid = {1C3504B0-813D-47F8-BF24-73E46F97F5B5}
	EndGlobalSection
EndGlobal
