
Microsoft Visual Studio Solution File, Format Version 12.00
# Visual Studio 15
VisualStudioVersion = 15.0.28307.168
MinimumVisualStudioVersion = 10.0.40219.1
Project("{FAE04EC0-301F-11D3-BF4B-00C04F79EFBC}") = "ExampleOfClassLevelSCope", "ExampleOfClassLevelSCope\ExampleOfClassLevelSCope.csproj", "{B68DA75C-5537-4F4F-AFE8-578200CDDAA3}"
EndProject
Global
	GlobalSection(SolutionConfigurationPlatforms) = preSolution
		Debug|Any CPU = Debug|Any CPU
		Release|Any CPU = Release|Any CPU
	EndGlobalSection
	GlobalSection(ProjectConfigurationPlatforms) = postSolution
		{B68DA75C-5537-4F4F-AFE8-578200CDDAA3}.Debug|Any CPU.ActiveCfg = Debug|Any CPU
		{B68DA75C-5537-4F4F-AFE8-578200CDDAA3}.Debug|Any CPU.Build.0 = Debug|Any CPU
		{B68DA75C-5537-4F4F-AFE8-578200CDDAA3}.Release|Any CPU.ActiveCfg = Release|Any CPU
		{B68DA75C-5537-4F4F-AFE8-578200CDDAA3}.Release|Any CPU.Build.0 = Release|Any CPU
	EndGlobalSection
	GlobalSection(SolutionProperties) = preSolution
		HideSolutionNode = FALSE
	EndGlobalSection
	GlobalSection(ExtensibilityGlobals) = postSolution
		SolutionGuid = {D9EBBA68-57E4-48C9-B5C1-8B9C8319D633}
	EndGlobalSection
EndGlobal
